// !$*UTF8*$!
{
	archiveVersion = 1;
	classes = {
	};
	objectVersion = 56;
	objects = {

/* Begin PBXBuildFile section */
		E684A04D2C86137800A11A0E /* AppDelegate.swift in Sources */ = {isa = PBXBuildFile; fileRef = E684A04C2C86137800A11A0E /* AppDelegate.swift */; };
		E684A04F2C86137800A11A0E /* SceneDelegate.swift in Sources */ = {isa = PBXBuildFile; fileRef = E684A04E2C86137800A11A0E /* SceneDelegate.swift */; };
		E684A0542C86137800A11A0E /* Main.storyboard in Resources */ = {isa = PBXBuildFile; fileRef = E684A0522C86137800A11A0E /* Main.storyboard */; };
		E684A0562C86139700A11A0E /* Assets.xcassets in Resources */ = {isa = PBXBuildFile; fileRef = E684A0552C86139700A11A0E /* Assets.xcassets */; };
		E684A0592C86139700A11A0E /* LaunchScreen.storyboard in Resources */ = {isa = PBXBuildFile; fileRef = E684A0572C86139700A11A0E /* LaunchScreen.storyboard */; };
		E684A0622C8613DD00A11A0E /* NewsListTableViewController.swift in Sources */ = {isa = PBXBuildFile; fileRef = E684A0612C8613DD00A11A0E /* NewsListTableViewController.swift */; };
		E684A0662C86174300A11A0E /* WebServices.swift in Sources */ = {isa = PBXBuildFile; fileRef = E684A0652C86174300A11A0E /* WebServices.swift */; };
		E684A0692C8619E900A11A0E /* Article.swift in Sources */ = {isa = PBXBuildFile; fileRef = E684A0682C8619E900A11A0E /* Article.swift */; };
		E684A06C2C8626F700A11A0E /* ArticleViewModel.swift in Sources */ = {isa = PBXBuildFile; fileRef = E684A06B2C8626F700A11A0E /* ArticleViewModel.swift */; };
		E684A06F2C862BFE00A11A0E /* ArticleTableViewCell.swift in Sources */ = {isa = PBXBuildFile; fileRef = E684A06E2C862BFE00A11A0E /* ArticleTableViewCell.swift */; };
/* End PBXBuildFile section */

/* Begin PBXFileReference section */
		E684A0492C86137800A11A0E /* News_US.app */ = {isa = PBXFileReference; explicitFileType = wrapper.application; includeInIndex = 0; path = News_US.app; sourceTree = BUILT_PRODUCTS_DIR; };
		E684A04C2C86137800A11A0E /* AppDelegate.swift */ = {isa = PBXFileReference; lastKnownFileType = sourcecode.swift; path = AppDelegate.swift; sourceTree = "<group>"; };
		E684A04E2C86137800A11A0E /* SceneDelegate.swift */ = {isa = PBXFileReference; lastKnownFileType = sourcecode.swift; path = SceneDelegate.swift; sourceTree = "<group>"; };
		E684A0532C86137800A11A0E /* Base */ = {isa = PBXFileReference; lastKnownFileType = file.storyboard; name = Base; path = Base.lproj/Main.storyboard; sourceTree = "<group>"; };
		E684A0552C86139700A11A0E /* Assets.xcassets */ = {isa = PBXFileReference; lastKnownFileType = folder.assetcatalog; path = Assets.xcassets; sourceTree = "<group>"; };
		E684A0582C86139700A11A0E /* Base */ = {isa = PBXFileReference; lastKnownFileType = file.storyboard; name = Base; path = Base.lproj/LaunchScreen.storyboard; sourceTree = "<group>"; };
		E684A05A2C86139700A11A0E /* Info.plist */ = {isa = PBXFileReference; lastKnownFileType = text.plist.xml; path = Info.plist; sourceTree = "<group>"; };
		E684A0612C8613DD00A11A0E /* NewsListTableViewController.swift */ = {isa = PBXFileReference; lastKnownFileType = sourcecode.swift; path = NewsListTableViewController.swift; sourceTree = "<group>"; };
		E684A0652C86174300A11A0E /* WebServices.swift */ = {isa = PBXFileReference; lastKnownFileType = sourcecode.swift; path = WebServices.swift; sourceTree = "<group>"; };
		E684A0682C8619E900A11A0E /* Article.swift */ = {isa = PBXFileReference; lastKnownFileType = sourcecode.swift; path = Article.swift; sourceTree = "<group>"; };
		E684A06B2C8626F700A11A0E /* ArticleViewModel.swift */ = {isa = PBXFileReference; lastKnownFileType = sourcecode.swift; path = ArticleViewModel.swift; sourceTree = "<group>"; };
		E684A06E2C862BFE00A11A0E /* ArticleTableViewCell.swift */ = {isa = PBXFileReference; lastKnownFileType = sourcecode.swift; path = ArticleTableViewCell.swift; sourceTree = "<group>"; };
/* End PBXFileReference section */

/* Begin PBXFrameworksBuildPhase section */
		E684A0462C86137800A11A0E /* Frameworks */ = {
			isa = PBXFrameworksBuildPhase;
			buildActionMask = 2147483647;
			files = (
			);
			runOnlyForDeploymentPostprocessing = 0;
		};
/* End PBXFrameworksBuildPhase section */

/* Begin PBXGroup section */
		E684A0402C86137700A11A0E = {
			isa = PBXGroup;
			children = (
				E684A04B2C86137800A11A0E /* News_US */,
				E684A04A2C86137800A11A0E /* Products */,
			);
			sourceTree = "<group>";
		};
		E684A04A2C86137800A11A0E /* Products */ = {
			isa = PBXGroup;
			children = (
				E684A0492C86137800A11A0E /* News_US.app */,
			);
			name = Products;
			sourceTree = "<group>";
		};
		E684A04B2C86137800A11A0E /* News_US */ = {
			isa = PBXGroup;
			children = (
				E684A06D2C862BE900A11A0E /* Cells */,
				E684A06A2C8626D000A11A0E /* ViewModels */,
				E684A0672C8619CD00A11A0E /* Models */,
				E684A0632C86172E00A11A0E /* Services */,
				E684A0602C8613C300A11A0E /* Controllers */,
				E684A04C2C86137800A11A0E /* AppDelegate.swift */,
				E684A04E2C86137800A11A0E /* SceneDelegate.swift */,
				E684A0522C86137800A11A0E /* Main.storyboard */,
				E684A0552C86139700A11A0E /* Assets.xcassets */,
				E684A0572C86139700A11A0E /* LaunchScreen.storyboard */,
				E684A05A2C86139700A11A0E /* Info.plist */,
			);
			path = News_US;
			sourceTree = "<group>";
		};
		E684A0602C8613C300A11A0E /* Controllers */ = {
			isa = PBXGroup;
			children = (
				E684A0612C8613DD00A11A0E /* NewsListTableViewController.swift */,
			);
			path = Controllers;
			sourceTree = "<group>";
		};
		E684A0632C86172E00A11A0E /* Services */ = {
			isa = PBXGroup;
			children = (
				E684A0652C86174300A11A0E /* WebServices.swift */,
			);
			path = Services;
			sourceTree = "<group>";
		};
		E684A0672C8619CD00A11A0E /* Models */ = {
			isa = PBXGroup;
			children = (
				E684A0682C8619E900A11A0E /* Article.swift */,
			);
			path = Models;
			sourceTree = "<group>";
		};
		E684A06A2C8626D000A11A0E /* ViewModels */ = {
			isa = PBXGroup;
			children = (
				E684A06B2C8626F700A11A0E /* ArticleViewModel.swift */,
			);
			path = ViewModels;
			sourceTree = "<group>";
		};
		E684A06D2C862BE900A11A0E /* Cells */ = {
			isa = PBXGroup;
			children = (
				E684A06E2C862BFE00A11A0E /* ArticleTableViewCell.swift */,
			);
			path = Cells;
			sourceTree = "<group>";
		};
/* End PBXGroup section */

/* Begin PBXNativeTarget section */
		E684A0482C86137800A11A0E /* News_US */ = {
			isa = PBXNativeTarget;
			buildConfigurationList = E684A05D2C86139700A11A0E /* Build configuration list for PBXNativeTarget "News_US" */;
			buildPhases = (
				E684A0452C86137800A11A0E /* Sources */,
				E684A0462C86137800A11A0E /* Frameworks */,
				E684A0472C86137800A11A0E /* Resources */,
			);
			buildRules = (
			);
			dependencies = (
			);
			name = News_US;
			productName = News_US;
			productReference = E684A0492C86137800A11A0E /* News_US.app */;
			productType = "com.apple.product-type.application";
		};
/* End PBXNativeTarget section */

/* Begin PBXProject section */
		E684A0412C86137700A11A0E /* Project object */ = {
			isa = PBXProject;
			attributes = {
				BuildIndependentTargetsInParallel = 1;
				LastSwiftUpdateCheck = 1520;
				LastUpgradeCheck = 1520;
				TargetAttributes = {
					E684A0482C86137800A11A0E = {
						CreatedOnToolsVersion = 15.2;
					};
				};
			};
			buildConfigurationList = E684A0442C86137700A11A0E /* Build configuration list for PBXProject "News_US" */;
			compatibilityVersion = "Xcode 14.0";
			developmentRegion = en;
			hasScannedForEncodings = 0;
			knownRegions = (
				en,
				Base,
			);
			mainGroup = E684A0402C86137700A11A0E;
			productRefGroup = E684A04A2C86137800A11A0E /* Products */;
			projectDirPath = "";
			projectRoot = "";
			targets = (
				E684A0482C86137800A11A0E /* News_US */,
			);
		};
/* End PBXProject section */

/* Begin PBXResourcesBuildPhase section */
		E684A0472C86137800A11A0E /* Resources */ = {
			isa = PBXResourcesBuildPhase;
			buildActionMask = 2147483647;
			files = (
				E684A0592C86139700A11A0E /* LaunchScreen.storyboard in Resources */,
				E684A0562C86139700A11A0E /* Assets.xcassets in Resources */,
				E684A0542C86137800A11A0E /* Main.storyboard in Resources */,
			);
			runOnlyForDeploymentPostprocessing = 0;
		};
/* End PBXResourcesBuildPhase section */

/* Begin PBXSourcesBuildPhase section */
		E684A0452C86137800A11A0E /* Sources */ = {
			isa = PBXSourcesBuildPhase;
			buildActionMask = 2147483647;
			files = (
				E684A04D2C86137800A11A0E /* AppDelegate.swift in Sources */,
				E684A0622C8613DD00A11A0E /* NewsListTableViewController.swift in Sources */,
				E684A0662C86174300A11A0E /* WebServices.swift in Sources */,
				E684A06C2C8626F700A11A0E /* ArticleViewModel.swift in Sources */,
				E684A04F2C86137800A11A0E /* SceneDelegate.swift in Sources */,
				E684A06F2C862BFE00A11A0E /* ArticleTableViewCell.swift in Sources */,
				E684A0692C8619E900A11A0E /* Article.swift in Sources */,
			);
			runOnlyForDeploymentPostprocessing = 0;
		};
/* End PBXSourcesBuildPhase section */

/* Begin PBXVariantGroup section */
		E684A0522C86137800A11A0E /* Main.storyboard */ = {
			isa = PBXVariantGroup;
			children = (
				E684A0532C86137800A11A0E /* Base */,
			);
			name = Main.storyboard;
			sourceTree = "<group>";
		};
		E684A0572C86139700A11A0E /* LaunchScreen.storyboard */ = {
			isa = PBXVariantGroup;
			children = (
				E684A0582C86139700A11A0E /* Base */,
			);
			name = LaunchScreen.storyboard;
			sourceTree = "<group>";
		};
/* End PBXVariantGroup section */

/* Begin XCBuildConfiguration section */
		E684A05B2C86139700A11A0E /* Debug */ = {
			isa = XCBuildConfiguration;
			buildSettings = {
				ALWAYS_SEARCH_USER_PATHS = NO;
				ASSETCATALOG_COMPILER_GENERATE_SWIFT_ASSET_SYMBOL_EXTENSIONS = YES;
				CLANG_ANALYZER_NONNULL = YES;
				CLANG_ANALYZER_NUMBER_OBJECT_CONVERSION = YES_AGGRESSIVE;
				CLANG_CXX_LANGUAGE_STANDARD = "gnu++20";
				CLANG_ENABLE_MODULES = YES;
				CLANG_ENABLE_OBJC_ARC = YES;
				CLANG_ENABLE_OBJC_WEAK = YES;
				CLANG_WARN_BLOCK_CAPTURE_AUTORELEASING = YES;
				CLANG_WARN_BOOL_CONVERSION = YES;
				CLANG_WARN_COMMA = YES;
				CLANG_WARN_CONSTANT_CONVERSION = YES;
				CLANG_WARN_DEPRECATED_OBJC_IMPLEMENTATIONS = YES;
				CLANG_WARN_DIRECT_OBJC_ISA_USAGE = YES_ERROR;
				CLANG_WARN_DOCUMENTATION_COMMENTS = YES;
				CLANG_WARN_EMPTY_BODY = YES;
				CLANG_WARN_ENUM_CONVERSION = YES;
				CLANG_WARN_INFINITE_RECURSION = YES;
				CLANG_WARN_INT_CONVERSION = YES;
				CLANG_WARN_NON_LITERAL_NULL_CONVERSION = YES;
				CLANG_WARN_OBJC_IMPLICIT_RETAIN_SELF = YES;
				CLANG_WARN_OBJC_LITERAL_CONVERSION = YES;
				CLANG_WARN_OBJC_ROOT_CLASS = YES_ERROR;
				CLANG_WARN_QUOTED_INCLUDE_IN_FRAMEWORK_HEADER = YES;
				CLANG_WARN_RANGE_LOOP_ANALYSIS = YES;
				CLANG_WARN_STRICT_PROTOTYPES = YES;
				CLANG_WARN_SUSPICIOUS_MOVE = YES;
				CLANG_WARN_UNGUARDED_AVAILABILITY = YES_AGGRESSIVE;
				CLANG_WARN_UNREACHABLE_CODE = YES;
				CLANG_WARN__DUPLICATE_METHOD_MATCH = YES;
				COPY_PHASE_STRIP = NO;
				DEBUG_INFORMATION_FORMAT = dwarf;
				ENABLE_STRICT_OBJC_MSGSEND = YES;
				ENABLE_TESTABILITY = YES;
				ENABLE_USER_SCRIPT_SANDBOXING = YES;
				GCC_C_LANGUAGE_STANDARD = gnu17;
				GCC_DYNAMIC_NO_PIC = NO;
				GCC_NO_COMMON_BLOCKS = YES;
				GCC_OPTIMIZATION_LEVEL = 0;
				GCC_PREPROCESSOR_DEFINITIONS = (
					"DEBUG=1",
					"$(inherited)",
				);
				GCC_WARN_64_TO_32_BIT_CONVERSION = YES;
				GCC_WARN_ABOUT_RETURN_TYPE = YES_ERROR;
				GCC_WARN_UNDECLARED_SELECTOR = YES;
				GCC_WARN_UNINITIALIZED_AUTOS = YES_AGGRESSIVE;
				GCC_WARN_UNUSED_FUNCTION = YES;
				GCC_WARN_UNUSED_VARIABLE = YES;
				IPHONEOS_DEPLOYMENT_TARGET = 17.2;
				LOCALIZATION_PREFERS_STRING_CATALOGS = YES;
				MTL_ENABLE_DEBUG_INFO = INCLUDE_SOURCE;
				MTL_FAST_MATH = YES;
				ONLY_ACTIVE_ARCH = YES;
				SDKROOT = iphoneos;
				SWIFT_ACTIVE_COMPILATION_CONDITIONS = "DEBUG $(inherited)";
				SWIFT_OPTIMIZATION_LEVEL = "-Onone";
			};
			name = Debug;
		};
		E684A05C2C86139700A11A0E /* Release */ = {
			isa = XCBuildConfiguration;
			buildSettings = {
				ALWAYS_SEARCH_USER_PATHS = NO;
				ASSETCATALOG_COMPILER_GENERATE_SWIFT_ASSET_SYMBOL_EXTENSIONS = YES;
				CLANG_ANALYZER_NONNULL = YES;
				CLANG_ANALYZER_NUMBER_OBJECT_CONVERSION = YES_AGGRESSIVE;
				CLANG_CXX_LANGUAGE_STANDARD = "gnu++20";
				CLANG_ENABLE_MODULES = YES;
				CLANG_ENABLE_OBJC_ARC = YES;
				CLANG_ENABLE_OBJC_WEAK = YES;
				CLANG_WARN_BLOCK_CAPTURE_AUTORELEASING = YES;
				CLANG_WARN_BOOL_CONVERSION = YES;
				CLANG_WARN_COMMA = YES;
				CLANG_WARN_CONSTANT_CONVERSION = YES;
				CLANG_WARN_DEPRECATED_OBJC_IMPLEMENTATIONS = YES;
				CLANG_WARN_DIRECT_OBJC_ISA_USAGE = YES_ERROR;
				CLANG_WARN_DOCUMENTATION_COMMENTS = YES;
				CLANG_WARN_EMPTY_BODY = YES;
				CLANG_WARN_ENUM_CONVERSION = YES;
				CLANG_WARN_INFINITE_RECURSION = YES;
				CLANG_WARN_INT_CONVERSION = YES;
				CLANG_WARN_NON_LITERAL_NULL_CONVERSION = YES;
				CLANG_WARN_OBJC_IMPLICIT_RETAIN_SELF = YES;
				CLANG_WARN_OBJC_LITERAL_CONVERSION = YES;
				CLANG_WARN_OBJC_ROOT_CLASS = YES_ERROR;
				CLANG_WARN_QUOTED_INCLUDE_IN_FRAMEWORK_HEADER = YES;
				CLANG_WARN_RANGE_LOOP_ANALYSIS = YES;
				CLANG_WARN_STRICT_PROTOTYPES = YES;
				CLANG_WARN_SUSPICIOUS_MOVE = YES;
				CLANG_WARN_UNGUARDED_AVAILABILITY = YES_AGGRESSIVE;
				CLANG_WARN_UNREACHABLE_CODE = YES;
				CLANG_WARN__DUPLICATE_METHOD_MATCH = YES;
				COPY_PHASE_STRIP = NO;
				DEBUG_INFORMATION_FORMAT = "dwarf-with-dsym";
				ENABLE_NS_ASSERTIONS = NO;
				ENABLE_STRICT_OBJC_MSGSEND = YES;
				ENABLE_USER_SCRIPT_SANDBOXING = YES;
				GCC_C_LANGUAGE_STANDARD = gnu17;
				GCC_NO_COMMON_BLOCKS = YES;
				GCC_WARN_64_TO_32_BIT_CONVERSION = YES;
				GCC_WARN_ABOUT_RETURN_TYPE = YES_ERROR;
				GCC_WARN_UNDECLARED_SELECTOR = YES;
				GCC_WARN_UNINITIALIZED_AUTOS = YES_AGGRESSIVE;
				GCC_WARN_UNUSED_FUNCTION = YES;
				GCC_WARN_UNUSED_VARIABLE = YES;
				IPHONEOS_DEPLOYMENT_TARGET = 17.2;
				LOCALIZATION_PREFERS_STRING_CATALOGS = YES;
				MTL_ENABLE_DEBUG_INFO = NO;
				MTL_FAST_MATH = YES;
				SDKROOT = iphoneos;
				SWIFT_COMPILATION_MODE = wholemodule;
				VALIDATE_PRODUCT = YES;
			};
			name = Release;
		};
		E684A05E2C86139700A11A0E /* Debug */ = {
			isa = XCBuildConfiguration;
			buildSettings = {
				ASSETCATALOG_COMPILER_APPICON_NAME = AppIcon;
				ASSETCATALOG_COMPILER_GLOBAL_ACCENT_COLOR_NAME = AccentColor;
				CODE_SIGN_STYLE = Automatic;
				CURRENT_PROJECT_VERSION = 1;
				GENERATE_INFOPLIST_FILE = YES;
				INFOPLIST_FILE = News_US/Info.plist;
				INFOPLIST_KEY_UIApplicationSupportsIndirectInputEvents = YES;
				INFOPLIST_KEY_UILaunchStoryboardName = LaunchScreen;
				INFOPLIST_KEY_UIMainStoryboardFile = Main;
				INFOPLIST_KEY_UISupportedInterfaceOrientations_iPad = "UIInterfaceOrientationPortrait UIInterfaceOrientationPortraitUpsideDown UIInterfaceOrientationLandscapeLeft UIInterfaceOrientationLandscapeRight";
				INFOPLIST_KEY_UISupportedInterfaceOrientations_iPhone = "UIInterfaceOrientationPortrait UIInterfaceOrientationLandscapeLeft UIInterfaceOrientationLandscapeRight";
				IPHONEOS_DEPLOYMENT_TARGET = 14.0;
				LD_RUNPATH_SEARCH_PATHS = (
					"$(inherited)",
					"@executable_path/Frameworks",
				);
				MARKETING_VERSION = 1.0;
				PRODUCT_BUNDLE_IDENTIFIER = "com.DemoUI.iOS.News-US";
				PRODUCT_NAME = "$(TARGET_NAME)";
				SUPPORTED_PLATFORMS = "iphoneos iphonesimulator";
				SUPPORTS_MACCATALYST = NO;
				SUPPORTS_MAC_DESIGNED_FOR_IPHONE_IPAD = NO;
				SUPPORTS_XR_DESIGNED_FOR_IPHONE_IPAD = NO;
				SWIFT_EMIT_LOC_STRINGS = YES;
				SWIFT_VERSION = 5.0;
				TARGETED_DEVICE_FAMILY = 1;
			};
			name = Debug;
		};
		E684A05F2C86139700A11A0E /* Release */ = {
			isa = XCBuildConfiguration;
			buildSettings = {
				ASSETCATALOG_COMPILER_APPICON_NAME = AppIcon;
				ASSETCATALOG_COMPILER_GLOBAL_ACCENT_COLOR_NAME = AccentColor;
				CODE_SIGN_STYLE = Automatic;
				CURRENT_PROJECT_VERSION = 1;
				GENERATE_INFOPLIST_FILE = YES;
				INFOPLIST_FILE = News_US/Info.plist;
				INFOPLIST_KEY_UIApplicationSupportsIndirectInputEvents = YES;
				INFOPLIST_KEY_UILaunchStoryboardName = LaunchScreen;
				INFOPLIST_KEY_UIMainStoryboardFile = Main;
				INFOPLIST_KEY_UISupportedInterfaceOrientations_iPad = "UIInterfaceOrientationPortrait UIInterfaceOrientationPortraitUpsideDown UIInterfaceOrientationLandscapeLeft UIInterfaceOrientationLandscapeRight";
				INFOPLIST_KEY_UISupportedInterfaceOrientations_iPhone = "UIInterfaceOrientationPortrait UIInterfaceOrientationLandscapeLeft UIInterfaceOrientationLandscapeRight";
				IPHONEOS_DEPLOYMENT_TARGET = 14.0;
				LD_RUNPATH_SEARCH_PATHS = (
					"$(inherited)",
					"@executable_path/Frameworks",
				);
				MARKETING_VERSION = 1.0;
				PRODUCT_BUNDLE_IDENTIFIER = "com.DemoUI.iOS.News-US";
				PRODUCT_NAME = "$(TARGET_NAME)";
				SUPPORTED_PLATFORMS = "iphoneos iphonesimulator";
				SUPPORTS_MACCATALYST = NO;
				SUPPORTS_MAC_DESIGNED_FOR_IPHONE_IPAD = NO;
				SUPPORTS_XR_DESIGNED_FOR_IPHONE_IPAD = NO;
				SWIFT_EMIT_LOC_STRINGS = YES;
				SWIFT_VERSION = 5.0;
				TARGETED_DEVICE_FAMILY = 1;
			};
			name = Release;
		};
/* End XCBuildConfiguration section */

/* Begin XCConfigurationList section */
		E684A0442C86137700A11A0E /* Build configuration list for PBXProject "News_US" */ = {
			isa = XCConfigurationList;
			buildConfigurations = (
				E684A05B2C86139700A11A0E /* Debug */,
				E684A05C2C86139700A11A0E /* Release */,
			);
			defaultConfigurationIsVisible = 0;
			defaultConfigurationName = Release;
		};
		E684A05D2C86139700A11A0E /* Build configuration list for PBXNativeTarget "News_US" */ = {
			isa = XCConfigurationList;
			buildConfigurations = (
				E684A05E2C86139700A11A0E /* Debug */,
				E684A05F2C86139700A11A0E /* Release */,
			);
			defaultConfigurationIsVisible = 0;
			defaultConfigurationName = Release;
		};
/* End XCConfigurationList section */
	};
	rootObject = E684A0412C86137700A11A0E /* Project object */;
}
